
Microsoft Visual Studio Solution File, Format Version 12.00
# Visual Studio Version 17
VisualStudioVersion = 17.3.32811.315
MinimumVisualStudioVersion = 10.0.40219.1
Project("{FAE04EC0-301F-11D3-BF4B-00C04F79EFBC}") = "CommanderGQL", "CommanderGQL\CommanderGQL.csproj", "{DF055384-28D7-4029-A743-5294852A6A57}"
EndProject
Global
	GlobalSection(SolutionConfigurationPlatforms) = preSolution
		Debug|Any CPU = Debug|Any CPU
		Release|Any CPU = Release|Any CPU
	EndGlobalSection
	GlobalSection(ProjectConfigurationPlatforms) = postSolution
		{DF055384-28D7-4029-A743-5294852A6A57}.Debug|Any CPU.ActiveCfg = Debug|Any CPU
		{DF055384-28D7-4029-A743-5294852A6A57}.Debug|Any CPU.Build.0 = Debug|Any CPU
		{DF055384-28D7-4029-A743-5294852A6A57}.Release|Any CPU.ActiveCfg = Release|Any CPU
		{DF055384-28D7-4029-A743-5294852A6A57}.Release|Any CPU.Build.0 = Release|Any CPU
	EndGlobalSection
	GlobalSection(SolutionProperties) = preSolution
		HideSolutionNode = FALSE
	EndGlobalSection
	GlobalSection(ExtensibilityGlobals) = postSolution
		SolutionGuid = {CBFEE1DA-F761-45F7-8562-9B851AF3F3F4}
	EndGlobalSection
EndGlobal
